
Microsoft Visual Studio Solution File, Format Version 12.00
# Visual Studio Version 17
VisualStudioVersion = 17.5.002.0
MinimumVisualStudioVersion = 10.0.40219.1
Project("{2150E333-8FDC-42A3-9474-1A3956D46DE8}") = "sandbox", "sandbox", "{0AC649D2-B495-407C-8F77-FB7C1F6365BE}"
EndProject
Project("{9A19103F-16F7-4668-BE54-9A1E7A4F7556}") = "sandbox_project", "sandbox\sandbox_project\sandbox_project.csproj", "{95DA5308-4D31-48BC-80E0-5A75B345E4C5}"
EndProject
Project("{2150E333-8FDC-42A3-9474-1A3956D46DE8}") = "week01", "week01", "{E489D8CB-FCE7-47FB-99A1-13244C8CB98D}"
EndProject
Project("{9A19103F-16F7-4668-BE54-9A1E7A4F7556}") = "analyze", "week01\analyze\analyze.csproj", "{59ACD4CE-B0A2-44E1-96D8-3030DFF7E6D0}"
EndProject
Project("{9A19103F-16F7-4668-BE54-9A1E7A4F7556}") = "code", "week01\code\code.csproj", "{83CA047E-1BEE-4152-A03A-A06E8EC0C796}"
EndProject
Project("{9A19103F-16F7-4668-BE54-9A1E7A4F7556}") = "teach", "week01\teach\teach.csproj", "{FE116A28-42FD-474E-908D-9216CEDCEF30}"
EndProject
Project("{2150E333-8FDC-42A3-9474-1A3956D46DE8}") = "week02", "week02", "{E28CCA2C-9A46-45BC-A1CD-26CDD11745C4}"
EndProject
Project("{9A19103F-16F7-4668-BE54-9A1E7A4F7556}") = "analyze", "week02\analyze\analyze.csproj", "{DFF01AD2-ECA8-4E3C-A063-B200EE9A10BE}"
EndProject
Project("{9A19103F-16F7-4668-BE54-9A1E7A4F7556}") = "code", "week02\code\code.csproj", "{7F0D8E7A-3EDE-44EE-8200-24EE852B3195}"
EndProject
Project("{9A19103F-16F7-4668-BE54-9A1E7A4F7556}") = "learn", "week02\learn\learn.csproj", "{F268344A-AD21-4A32-96EB-74E90236D06C}"
EndProject
Project("{9A19103F-16F7-4668-BE54-9A1E7A4F7556}") = "teach", "week02\teach\teach.csproj", "{7CEB5119-F65A-485E-909C-9A171401566A}"
EndProject
Project("{2150E333-8FDC-42A3-9474-1A3956D46DE8}") = "week03", "week03", "{E714AF07-32C9-46BD-BBAB-42C04DD2F413}"
EndProject
Project("{9A19103F-16F7-4668-BE54-9A1E7A4F7556}") = "code", "week03\code\code.csproj", "{D8942FFD-0EEA-4BD0-A449-C41110BE8E47}"
EndProject
Project("{9A19103F-16F7-4668-BE54-9A1E7A4F7556}") = "learn", "week03\learn\learn.csproj", "{A2BC0DFC-F460-46B8-89F3-17CA10AAD124}"
EndProject
Project("{9A19103F-16F7-4668-BE54-9A1E7A4F7556}") = "teach", "week03\teach\teach.csproj", "{E86C4269-E38D-4B53-B0D9-C53C16DB8C27}"
EndProject
Project("{2150E333-8FDC-42A3-9474-1A3956D46DE8}") = "week04", "week04", "{CD4E6CCB-F61D-4D67-9DBD-6528A26AB975}"
EndProject
Project("{9A19103F-16F7-4668-BE54-9A1E7A4F7556}") = "code", "week04\code\code.csproj", "{06F55758-F51C-42E0-8232-F076D1153217}"
EndProject
Project("{2150E333-8FDC-42A3-9474-1A3956D46DE8}") = "week05", "week05", "{C75628B7-0096-4A00-8612-41B0955B74AA}"
EndProject
Project("{9A19103F-16F7-4668-BE54-9A1E7A4F7556}") = "code", "week05\code\code.csproj", "{DF7E5B19-1AD8-4821-A8B7-A51A3FA21DDC}"
EndProject
Project("{2150E333-8FDC-42A3-9474-1A3956D46DE8}") = "week06", "week06", "{4E1D5A7D-FE02-47D1-B1A0-D34ABD817A86}"
EndProject
Project("{9A19103F-16F7-4668-BE54-9A1E7A4F7556}") = "code", "week06\code\code.csproj", "{D8EA1F4C-E153-4B9A-8BDB-BA4AE8421616}"
EndProject
Global
	GlobalSection(SolutionConfigurationPlatforms) = preSolution
		Debug|Any CPU = Debug|Any CPU
		Release|Any CPU = Release|Any CPU
	EndGlobalSection
	GlobalSection(ProjectConfigurationPlatforms) = postSolution
		{95DA5308-4D31-48BC-80E0-5A75B345E4C5}.Debug|Any CPU.ActiveCfg = Debug|Any CPU
		{95DA5308-4D31-48BC-80E0-5A75B345E4C5}.Debug|Any CPU.Build.0 = Debug|Any CPU
		{95DA5308-4D31-48BC-80E0-5A75B345E4C5}.Release|Any CPU.ActiveCfg = Release|Any CPU
		{95DA5308-4D31-48BC-80E0-5A75B345E4C5}.Release|Any CPU.Build.0 = Release|Any CPU
		{59ACD4CE-B0A2-44E1-96D8-3030DFF7E6D0}.Debug|Any CPU.ActiveCfg = Debug|Any CPU
		{59ACD4CE-B0A2-44E1-96D8-3030DFF7E6D0}.Debug|Any CPU.Build.0 = Debug|Any CPU
		{59ACD4CE-B0A2-44E1-96D8-3030DFF7E6D0}.Release|Any CPU.ActiveCfg = Release|Any CPU
		{59ACD4CE-B0A2-44E1-96D8-3030DFF7E6D0}.Release|Any CPU.Build.0 = Release|Any CPU
		{83CA047E-1BEE-4152-A03A-A06E8EC0C796}.Debug|Any CPU.ActiveCfg = Debug|Any CPU
		{83CA047E-1BEE-4152-A03A-A06E8EC0C796}.Debug|Any CPU.Build.0 = Debug|Any CPU
		{83CA047E-1BEE-4152-A03A-A06E8EC0C796}.Release|Any CPU.ActiveCfg = Release|Any CPU
		{83CA047E-1BEE-4152-A03A-A06E8EC0C796}.Release|Any CPU.Build.0 = Release|Any CPU
		{FE116A28-42FD-474E-908D-9216CEDCEF30}.Debug|Any CPU.ActiveCfg = Debug|Any CPU
		{FE116A28-42FD-474E-908D-9216CEDCEF30}.Debug|Any CPU.Build.0 = Debug|Any CPU
		{FE116A28-42FD-474E-908D-9216CEDCEF30}.Release|Any CPU.ActiveCfg = Release|Any CPU
		{FE116A28-42FD-474E-908D-9216CEDCEF30}.Release|Any CPU.Build.0 = Release|Any CPU
		{DFF01AD2-ECA8-4E3C-A063-B200EE9A10BE}.Debug|Any CPU.ActiveCfg = Debug|Any CPU
		{DFF01AD2-ECA8-4E3C-A063-B200EE9A10BE}.Debug|Any CPU.Build.0 = Debug|Any CPU
		{DFF01AD2-ECA8-4E3C-A063-B200EE9A10BE}.Release|Any CPU.ActiveCfg = Release|Any CPU
		{DFF01AD2-ECA8-4E3C-A063-B200EE9A10BE}.Release|Any CPU.Build.0 = Release|Any CPU
		{7F0D8E7A-3EDE-44EE-8200-24EE852B3195}.Debug|Any CPU.ActiveCfg = Debug|Any CPU
		{7F0D8E7A-3EDE-44EE-8200-24EE852B3195}.Debug|Any CPU.Build.0 = Debug|Any CPU
		{7F0D8E7A-3EDE-44EE-8200-24EE852B3195}.Release|Any CPU.ActiveCfg = Release|Any CPU
		{7F0D8E7A-3EDE-44EE-8200-24EE852B3195}.Release|Any CPU.Build.0 = Release|Any CPU
		{F268344A-AD21-4A32-96EB-74E90236D06C}.Debug|Any CPU.ActiveCfg = Debug|Any CPU
		{F268344A-AD21-4A32-96EB-74E90236D06C}.Debug|Any CPU.Build.0 = Debug|Any CPU
		{F268344A-AD21-4A32-96EB-74E90236D06C}.Release|Any CPU.ActiveCfg = Release|Any CPU
		{F268344A-AD21-4A32-96EB-74E90236D06C}.Release|Any CPU.Build.0 = Release|Any CPU
		{7CEB5119-F65A-485E-909C-9A171401566A}.Debug|Any CPU.ActiveCfg = Debug|Any CPU
		{7CEB5119-F65A-485E-909C-9A171401566A}.Debug|Any CPU.Build.0 = Debug|Any CPU
		{7CEB5119-F65A-485E-909C-9A171401566A}.Release|Any CPU.ActiveCfg = Release|Any CPU
		{7CEB5119-F65A-485E-909C-9A171401566A}.Release|Any CPU.Build.0 = Release|Any CPU
		{D8942FFD-0EEA-4BD0-A449-C41110BE8E47}.Debug|Any CPU.ActiveCfg = Debug|Any CPU
		{D8942FFD-0EEA-4BD0-A449-C41110BE8E47}.Debug|Any CPU.Build.0 = Debug|Any CPU
		{D8942FFD-0EEA-4BD0-A449-C41110BE8E47}.Release|Any CPU.ActiveCfg = Release|Any CPU
		{D8942FFD-0EEA-4BD0-A449-C41110BE8E47}.Release|Any CPU.Build.0 = Release|Any CPU
		{A2BC0DFC-F460-46B8-89F3-17CA10AAD124}.Debug|Any CPU.ActiveCfg = Debug|Any CPU
		{A2BC0DFC-F460-46B8-89F3-17CA10AAD124}.Debug|Any CPU.Build.0 = Debug|Any CPU
		{A2BC0DFC-F460-46B8-89F3-17CA10AAD124}.Release|Any CPU.ActiveCfg = Release|Any CPU
		{A2BC0DFC-F460-46B8-89F3-17CA10AAD124}.Release|Any CPU.Build.0 = Release|Any CPU
		{E86C4269-E38D-4B53-B0D9-C53C16DB8C27}.Debug|Any CPU.ActiveCfg = Debug|Any CPU
		{E86C4269-E38D-4B53-B0D9-C53C16DB8C27}.Debug|Any CPU.Build.0 = Debug|Any CPU
		{E86C4269-E38D-4B53-B0D9-C53C16DB8C27}.Release|Any CPU.ActiveCfg = Release|Any CPU
		{E86C4269-E38D-4B53-B0D9-C53C16DB8C27}.Release|Any CPU.Build.0 = Release|Any CPU
		{06F55758-F51C-42E0-8232-F076D1153217}.Debug|Any CPU.ActiveCfg = Debug|Any CPU
		{06F55758-F51C-42E0-8232-F076D1153217}.Debug|Any CPU.Build.0 = Debug|Any CPU
		{06F55758-F51C-42E0-8232-F076D1153217}.Release|Any CPU.ActiveCfg = Release|Any CPU
		{06F55758-F51C-42E0-8232-F076D1153217}.Release|Any CPU.Build.0 = Release|Any CPU
		{DF7E5B19-1AD8-4821-A8B7-A51A3FA21DDC}.Debug|Any CPU.ActiveCfg = Debug|Any CPU
		{DF7E5B19-1AD8-4821-A8B7-A51A3FA21DDC}.Debug|Any CPU.Build.0 = Debug|Any CPU
		{DF7E5B19-1AD8-4821-A8B7-A51A3FA21DDC}.Release|Any CPU.ActiveCfg = Release|Any CPU
		{DF7E5B19-1AD8-4821-A8B7-A51A3FA21DDC}.Release|Any CPU.Build.0 = Release|Any CPU
		{D8EA1F4C-E153-4B9A-8BDB-BA4AE8421616}.Debug|Any CPU.ActiveCfg = Debug|Any CPU
		{D8EA1F4C-E153-4B9A-8BDB-BA4AE8421616}.Debug|Any CPU.Build.0 = Debug|Any CPU
		{D8EA1F4C-E153-4B9A-8BDB-BA4AE8421616}.Release|Any CPU.ActiveCfg = Release|Any CPU
		{D8EA1F4C-E153-4B9A-8BDB-BA4AE8421616}.Release|Any CPU.Build.0 = Release|Any CPU
	EndGlobalSection
	GlobalSection(SolutionProperties) = preSolution
		HideSolutionNode = FALSE
	EndGlobalSection
	GlobalSection(NestedProjects) = preSolution
		{95DA5308-4D31-48BC-80E0-5A75B345E4C5} = {0AC649D2-B495-407C-8F77-FB7C1F6365BE}
		{59ACD4CE-B0A2-44E1-96D8-3030DFF7E6D0} = {E489D8CB-FCE7-47FB-99A1-13244C8CB98D}
		{83CA047E-1BEE-4152-A03A-A06E8EC0C796} = {E489D8CB-FCE7-47FB-99A1-13244C8CB98D}
		{FE116A28-42FD-474E-908D-9216CEDCEF30} = {E489D8CB-FCE7-47FB-99A1-13244C8CB98D}
		{DFF01AD2-ECA8-4E3C-A063-B200EE9A10BE} = {E28CCA2C-9A46-45BC-A1CD-26CDD11745C4}
		{7F0D8E7A-3EDE-44EE-8200-24EE852B3195} = {E28CCA2C-9A46-45BC-A1CD-26CDD11745C4}
		{F268344A-AD21-4A32-96EB-74E90236D06C} = {E28CCA2C-9A46-45BC-A1CD-26CDD11745C4}
		{7CEB5119-F65A-485E-909C-9A171401566A} = {E28CCA2C-9A46-45BC-A1CD-26CDD11745C4}
		{D8942FFD-0EEA-4BD0-A449-C41110BE8E47} = {E714AF07-32C9-46BD-BBAB-42C04DD2F413}
		{A2BC0DFC-F460-46B8-89F3-17CA10AAD124} = {E714AF07-32C9-46BD-BBAB-42C04DD2F413}
		{E86C4269-E38D-4B53-B0D9-C53C16DB8C27} = {E714AF07-32C9-46BD-BBAB-42C04DD2F413}
		{06F55758-F51C-42E0-8232-F076D1153217} = {CD4E6CCB-F61D-4D67-9DBD-6528A26AB975}
		{DF7E5B19-1AD8-4821-A8B7-A51A3FA21DDC} = {C75628B7-0096-4A00-8612-41B0955B74AA}
		{D8EA1F4C-E153-4B9A-8BDB-BA4AE8421616} = {4E1D5A7D-FE02-47D1-B1A0-D34ABD817A86}
	EndGlobalSection
	GlobalSection(ExtensibilityGlobals) = postSolution
		SolutionGuid = {345AF414-04C4-4618-88E8-8234CBBC7A9D}
	EndGlobalSection
EndGlobal
